
Microsoft Visual Studio Solution File, Format Version 12.00
# Visual Studio Version 17
VisualStudioVersion = 17.6.33815.320
MinimumVisualStudioVersion = 10.0.40219.1
Project("{9A19103F-16F7-4668-BE54-9A1E7A4F7556}") = "GymReport", "GymReport\GymReport.csproj", "{DACA0088-3D83-484E-AF60-5A30460DD891}"
EndProject
Project("{9A19103F-16F7-4668-BE54-9A1E7A4F7556}") = "GymReport.Common", "GymReport.Common\GymReport.Common.csproj", "{45CA7174-5F3F-4173-831A-FF19D069E613}"
EndProject
Project("{9A19103F-16F7-4668-BE54-9A1E7A4F7556}") = "GymReport.DAL", "GymReport.DAL\GymReport.DAL.csproj", "{46CD8008-A7DC-4630-9199-00A7EE2EE2CB}"
EndProject
Project("{9A19103F-16F7-4668-BE54-9A1E7A4F7556}") = "GymReport.BL", "GymReport.BL\GymReport.BL.csproj", "{805B6B9A-2F4A-4E73-977E-C1517605770F}"
EndProject
Project("{FAE04EC0-301F-11D3-BF4B-00C04F79EFBC}") = "LoggerService", "LoggerService\LoggerService.csproj", "{EE6F5FB1-B6AA-40E6-B839-06BBCF0BBC92}"
EndProject
Project("{FAE04EC0-301F-11D3-BF4B-00C04F79EFBC}") = "GymReport.Contracts", "GymReport.Contracts\GymReport.Contracts.csproj", "{B15A41AC-39D8-49F9-BC28-097BEF07DDB0}"
EndProject
Global
	GlobalSection(SolutionConfigurationPlatforms) = preSolution
		Debug|Any CPU = Debug|Any CPU
		Release|Any CPU = Release|Any CPU
	EndGlobalSection
	GlobalSection(ProjectConfigurationPlatforms) = postSolution
		{DACA0088-3D83-484E-AF60-5A30460DD891}.Debug|Any CPU.ActiveCfg = Debug|Any CPU
		{DACA0088-3D83-484E-AF60-5A30460DD891}.Debug|Any CPU.Build.0 = Debug|Any CPU
		{DACA0088-3D83-484E-AF60-5A30460DD891}.Release|Any CPU.ActiveCfg = Release|Any CPU
		{DACA0088-3D83-484E-AF60-5A30460DD891}.Release|Any CPU.Build.0 = Release|Any CPU
		{45CA7174-5F3F-4173-831A-FF19D069E613}.Debug|Any CPU.ActiveCfg = Debug|Any CPU
		{45CA7174-5F3F-4173-831A-FF19D069E613}.Debug|Any CPU.Build.0 = Debug|Any CPU
		{45CA7174-5F3F-4173-831A-FF19D069E613}.Release|Any CPU.ActiveCfg = Release|Any CPU
		{45CA7174-5F3F-4173-831A-FF19D069E613}.Release|Any CPU.Build.0 = Release|Any CPU
		{46CD8008-A7DC-4630-9199-00A7EE2EE2CB}.Debug|Any CPU.ActiveCfg = Debug|Any CPU
		{46CD8008-A7DC-4630-9199-00A7EE2EE2CB}.Debug|Any CPU.Build.0 = Debug|Any CPU
		{46CD8008-A7DC-4630-9199-00A7EE2EE2CB}.Release|Any CPU.ActiveCfg = Release|Any CPU
		{46CD8008-A7DC-4630-9199-00A7EE2EE2CB}.Release|Any CPU.Build.0 = Release|Any CPU
		{805B6B9A-2F4A-4E73-977E-C1517605770F}.Debug|Any CPU.ActiveCfg = Debug|Any CPU
		{805B6B9A-2F4A-4E73-977E-C1517605770F}.Debug|Any CPU.Build.0 = Debug|Any CPU
		{805B6B9A-2F4A-4E73-977E-C1517605770F}.Release|Any CPU.ActiveCfg = Release|Any CPU
		{805B6B9A-2F4A-4E73-977E-C1517605770F}.Release|Any CPU.Build.0 = Release|Any CPU
		{EE6F5FB1-B6AA-40E6-B839-06BBCF0BBC92}.Debug|Any CPU.ActiveCfg = Debug|Any CPU
		{EE6F5FB1-B6AA-40E6-B839-06BBCF0BBC92}.Debug|Any CPU.Build.0 = Debug|Any CPU
		{EE6F5FB1-B6AA-40E6-B839-06BBCF0BBC92}.Release|Any CPU.ActiveCfg = Release|Any CPU
		{EE6F5FB1-B6AA-40E6-B839-06BBCF0BBC92}.Release|Any CPU.Build.0 = Release|Any CPU
		{B15A41AC-39D8-49F9-BC28-097BEF07DDB0}.Debug|Any CPU.ActiveCfg = Debug|Any CPU
		{B15A41AC-39D8-49F9-BC28-097BEF07DDB0}.Debug|Any CPU.Build.0 = Debug|Any CPU
		{B15A41AC-39D8-49F9-BC28-097BEF07DDB0}.Release|Any CPU.ActiveCfg = Release|Any CPU
		{B15A41AC-39D8-49F9-BC28-097BEF07DDB0}.Release|Any CPU.Build.0 = Release|Any CPU
	EndGlobalSection
	GlobalSection(SolutionProperties) = preSolution
		HideSolutionNode = FALSE
	EndGlobalSection
	GlobalSection(ExtensibilityGlobals) = postSolution
		SolutionGuid = {19E40D75-0C48-490A-9E34-D532C7EDFFDE}
	EndGlobalSection
EndGlobal
